// !$*UTF8*$!
{
	archiveVersion = 1;
	classes = {
	};
	objectVersion = 56;
	objects = {

/* Begin PBXBuildFile section */
		5319FD822B960F0C0033D8BA /* ImageDemo.swift in Sources */ = {isa = PBXBuildFile; fileRef = 5319FD812B960F0C0033D8BA /* ImageDemo.swift */; };
		53EDADB02B8CC615009780C3 /* SwiftUIDemoApp.swift in Sources */ = {isa = PBXBuildFile; fileRef = 53EDADAF2B8CC615009780C3 /* SwiftUIDemoApp.swift */; };
		53EDADB22B8CC615009780C3 /* ContentView.swift in Sources */ = {isa = PBXBuildFile; fileRef = 53EDADB12B8CC615009780C3 /* ContentView.swift */; };
		53EDADB42B8CC617009780C3 /* Assets.xcassets in Resources */ = {isa = PBXBuildFile; fileRef = 53EDADB32B8CC617009780C3 /* Assets.xcassets */; };
		53EDADB72B8CC617009780C3 /* Preview Assets.xcassets in Resources */ = {isa = PBXBuildFile; fileRef = 53EDADB62B8CC617009780C3 /* Preview Assets.xcassets */; };
		53EDADC12B8CC617009780C3 /* SwiftUIDemoTests.swift in Sources */ = {isa = PBXBuildFile; fileRef = 53EDADC02B8CC617009780C3 /* SwiftUIDemoTests.swift */; };
		53EDADCB2B8CC617009780C3 /* SwiftUIDemoUITests.swift in Sources */ = {isa = PBXBuildFile; fileRef = 53EDADCA2B8CC617009780C3 /* SwiftUIDemoUITests.swift */; };
		53EDADCD2B8CC617009780C3 /* SwiftUIDemoUITestsLaunchTests.swift in Sources */ = {isa = PBXBuildFile; fileRef = 53EDADCC2B8CC617009780C3 /* SwiftUIDemoUITestsLaunchTests.swift */; };
		53EDADDA2B8CC8DB009780C3 /* TextDemo.swift in Sources */ = {isa = PBXBuildFile; fileRef = 53EDADD92B8CC8DB009780C3 /* TextDemo.swift */; };
		53EDADDC2B8CD30C009780C3 /* ShapesDemo.swift in Sources */ = {isa = PBXBuildFile; fileRef = 53EDADDB2B8CD30C009780C3 /* ShapesDemo.swift */; };
		53EDADDE2B8CE579009780C3 /* GradientDemo.swift in Sources */ = {isa = PBXBuildFile; fileRef = 53EDADDD2B8CE579009780C3 /* GradientDemo.swift */; };
/* End PBXBuildFile section */

/* Begin PBXContainerItemProxy section */
		53EDADBD2B8CC617009780C3 /* PBXContainerItemProxy */ = {
			isa = PBXContainerItemProxy;
			containerPortal = 53EDADA42B8CC615009780C3 /* Project object */;
			proxyType = 1;
			remoteGlobalIDString = 53EDADAB2B8CC615009780C3;
			remoteInfo = SwiftUIDemo;
		};
		53EDADC72B8CC617009780C3 /* PBXContainerItemProxy */ = {
			isa = PBXContainerItemProxy;
			containerPortal = 53EDADA42B8CC615009780C3 /* Project object */;
			proxyType = 1;
			remoteGlobalIDString = 53EDADAB2B8CC615009780C3;
			remoteInfo = SwiftUIDemo;
		};
/* End PBXContainerItemProxy section */

/* Begin PBXFileReference section */
		5319FD812B960F0C0033D8BA /* ImageDemo.swift */ = {isa = PBXFileReference; lastKnownFileType = sourcecode.swift; path = ImageDemo.swift; sourceTree = "<group>"; };
		53EDADAC2B8CC615009780C3 /* SwiftUIDemo.app */ = {isa = PBXFileReference; explicitFileType = wrapper.application; includeInIndex = 0; path = SwiftUIDemo.app; sourceTree = BUILT_PRODUCTS_DIR; };
		53EDADAF2B8CC615009780C3 /* SwiftUIDemoApp.swift */ = {isa = PBXFileReference; lastKnownFileType = sourcecode.swift; path = SwiftUIDemoApp.swift; sourceTree = "<group>"; };
		53EDADB12B8CC615009780C3 /* ContentView.swift */ = {isa = PBXFileReference; lastKnownFileType = sourcecode.swift; path = ContentView.swift; sourceTree = "<group>"; };
		53EDADB32B8CC617009780C3 /* Assets.xcassets */ = {isa = PBXFileReference; lastKnownFileType = folder.assetcatalog; path = Assets.xcassets; sourceTree = "<group>"; };
		53EDADB62B8CC617009780C3 /* Preview Assets.xcassets */ = {isa = PBXFileReference; lastKnownFileType = folder.assetcatalog; path = "Preview Assets.xcassets"; sourceTree = "<group>"; };
		53EDADBC2B8CC617009780C3 /* SwiftUIDemoTests.xctest */ = {isa = PBXFileReference; explicitFileType = wrapper.cfbundle; includeInIndex = 0; path = SwiftUIDemoTests.xctest; sourceTree = BUILT_PRODUCTS_DIR; };
		53EDADC02B8CC617009780C3 /* SwiftUIDemoTests.swift */ = {isa = PBXFileReference; lastKnownFileType = sourcecode.swift; path = SwiftUIDemoTests.swift; sourceTree = "<group>"; };
		53EDADC62B8CC617009780C3 /* SwiftUIDemoUITests.xctest */ = {isa = PBXFileReference; explicitFileType = wrapper.cfbundle; includeInIndex = 0; path = SwiftUIDemoUITests.xctest; sourceTree = BUILT_PRODUCTS_DIR; };
		53EDADCA2B8CC617009780C3 /* SwiftUIDemoUITests.swift */ = {isa = PBXFileReference; lastKnownFileType = sourcecode.swift; path = SwiftUIDemoUITests.swift; sourceTree = "<group>"; };
		53EDADCC2B8CC617009780C3 /* SwiftUIDemoUITestsLaunchTests.swift */ = {isa = PBXFileReference; lastKnownFileType = sourcecode.swift; path = SwiftUIDemoUITestsLaunchTests.swift; sourceTree = "<group>"; };
		53EDADD92B8CC8DB009780C3 /* TextDemo.swift */ = {isa = PBXFileReference; lastKnownFileType = sourcecode.swift; path = TextDemo.swift; sourceTree = "<group>"; };
		53EDADDB2B8CD30C009780C3 /* ShapesDemo.swift */ = {isa = PBXFileReference; lastKnownFileType = sourcecode.swift; path = ShapesDemo.swift; sourceTree = "<group>"; };
		53EDADDD2B8CE579009780C3 /* GradientDemo.swift */ = {isa = PBXFileReference; lastKnownFileType = sourcecode.swift; path = GradientDemo.swift; sourceTree = "<group>"; };
/* End PBXFileReference section */

/* Begin PBXFrameworksBuildPhase section */
		53EDADA92B8CC615009780C3 /* Frameworks */ = {
			isa = PBXFrameworksBuildPhase;
			buildActionMask = 2147483647;
			files = (
			);
			runOnlyForDeploymentPostprocessing = 0;
		};
		53EDADB92B8CC617009780C3 /* Frameworks */ = {
			isa = PBXFrameworksBuildPhase;
			buildActionMask = 2147483647;
			files = (
			);
			runOnlyForDeploymentPostprocessing = 0;
		};
		53EDADC32B8CC617009780C3 /* Frameworks */ = {
			isa = PBXFrameworksBuildPhase;
			buildActionMask = 2147483647;
			files = (
			);
			runOnlyForDeploymentPostprocessing = 0;
		};
/* End PBXFrameworksBuildPhase section */

/* Begin PBXGroup section */
		53EDADA32B8CC615009780C3 = {
			isa = PBXGroup;
			children = (
				53EDADAE2B8CC615009780C3 /* SwiftUIDemo */,
				53EDADBF2B8CC617009780C3 /* SwiftUIDemoTests */,
				53EDADC92B8CC617009780C3 /* SwiftUIDemoUITests */,
				53EDADAD2B8CC615009780C3 /* Products */,
			);
			sourceTree = "<group>";
		};
		53EDADAD2B8CC615009780C3 /* Products */ = {
			isa = PBXGroup;
			children = (
				53EDADAC2B8CC615009780C3 /* SwiftUIDemo.app */,
				53EDADBC2B8CC617009780C3 /* SwiftUIDemoTests.xctest */,
				53EDADC62B8CC617009780C3 /* SwiftUIDemoUITests.xctest */,
			);
			name = Products;
			sourceTree = "<group>";
		};
		53EDADAE2B8CC615009780C3 /* SwiftUIDemo */ = {
			isa = PBXGroup;
			children = (
				53EDADAF2B8CC615009780C3 /* SwiftUIDemoApp.swift */,
				53EDADB12B8CC615009780C3 /* ContentView.swift */,
				53EDADB32B8CC617009780C3 /* Assets.xcassets */,
				53EDADB52B8CC617009780C3 /* Preview Content */,
				53EDADD92B8CC8DB009780C3 /* TextDemo.swift */,
				53EDADDB2B8CD30C009780C3 /* ShapesDemo.swift */,
				53EDADDD2B8CE579009780C3 /* GradientDemo.swift */,
				5319FD812B960F0C0033D8BA /* ImageDemo.swift */,
			);
			path = SwiftUIDemo;
			sourceTree = "<group>";
		};
		53EDADB52B8CC617009780C3 /* Preview Content */ = {
			isa = PBXGroup;
			children = (
				53EDADB62B8CC617009780C3 /* Preview Assets.xcassets */,
			);
			path = "Preview Content";
			sourceTree = "<group>";
		};
		53EDADBF2B8CC617009780C3 /* SwiftUIDemoTests */ = {
			isa = PBXGroup;
			children = (
				53EDADC02B8CC617009780C3 /* SwiftUIDemoTests.swift */,
			);
			path = SwiftUIDemoTests;
			sourceTree = "<group>";
		};
		53EDADC92B8CC617009780C3 /* SwiftUIDemoUITests */ = {
			isa = PBXGroup;
			children = (
				53EDADCA2B8CC617009780C3 /* SwiftUIDemoUITests.swift */,
				53EDADCC2B8CC617009780C3 /* SwiftUIDemoUITestsLaunchTests.swift */,
			);
			path = SwiftUIDemoUITests;
			sourceTree = "<group>";
		};
/* End PBXGroup section */

/* Begin PBXNativeTarget section */
		53EDADAB2B8CC615009780C3 /* SwiftUIDemo */ = {
			isa = PBXNativeTarget;
			buildConfigurationList = 53EDADD02B8CC617009780C3 /* Build configuration list for PBXNativeTarget "SwiftUIDemo" */;
			buildPhases = (
				53EDADA82B8CC615009780C3 /* Sources */,
				53EDADA92B8CC615009780C3 /* Frameworks */,
				53EDADAA2B8CC615009780C3 /* Resources */,
			);
			buildRules = (
			);
			dependencies = (
			);
			name = SwiftUIDemo;
			productName = SwiftUIDemo;
			productReference = 53EDADAC2B8CC615009780C3 /* SwiftUIDemo.app */;
			productType = "com.apple.product-type.application";
		};
		53EDADBB2B8CC617009780C3 /* SwiftUIDemoTests */ = {
			isa = PBXNativeTarget;
			buildConfigurationList = 53EDADD32B8CC617009780C3 /* Build configuration list for PBXNativeTarget "SwiftUIDemoTests" */;
			buildPhases = (
				53EDADB82B8CC617009780C3 /* Sources */,
				53EDADB92B8CC617009780C3 /* Frameworks */,
				53EDADBA2B8CC617009780C3 /* Resources */,
			);
			buildRules = (
			);
			dependencies = (
				53EDADBE2B8CC617009780C3 /* PBXTargetDependency */,
			);
			name = SwiftUIDemoTests;
			productName = SwiftUIDemoTests;
			productReference = 53EDADBC2B8CC617009780C3 /* SwiftUIDemoTests.xctest */;
			productType = "com.apple.product-type.bundle.unit-test";
		};
		53EDADC52B8CC617009780C3 /* SwiftUIDemoUITests */ = {
			isa = PBXNativeTarget;
			buildConfigurationList = 53EDADD62B8CC617009780C3 /* Build configuration list for PBXNativeTarget "SwiftUIDemoUITests" */;
			buildPhases = (
				53EDADC22B8CC617009780C3 /* Sources */,
				53EDADC32B8CC617009780C3 /* Frameworks */,
				53EDADC42B8CC617009780C3 /* Resources */,
			);
			buildRules = (
			);
			dependencies = (
				53EDADC82B8CC617009780C3 /* PBXTargetDependency */,
			);
			name = SwiftUIDemoUITests;
			productName = SwiftUIDemoUITests;
			productReference = 53EDADC62B8CC617009780C3 /* SwiftUIDemoUITests.xctest */;
			productType = "com.apple.product-type.bundle.ui-testing";
		};
/* End PBXNativeTarget section */

/* Begin PBXProject section */
		53EDADA42B8CC615009780C3 /* Project object */ = {
			isa = PBXProject;
			attributes = {
				BuildIndependentTargetsInParallel = 1;
				LastSwiftUpdateCheck = 1500;
				LastUpgradeCheck = 1500;
				TargetAttributes = {
					53EDADAB2B8CC615009780C3 = {
						CreatedOnToolsVersion = 15.0.1;
					};
					53EDADBB2B8CC617009780C3 = {
						CreatedOnToolsVersion = 15.0.1;
						TestTargetID = 53EDADAB2B8CC615009780C3;
					};
					53EDADC52B8CC617009780C3 = {
						CreatedOnToolsVersion = 15.0.1;
						TestTargetID = 53EDADAB2B8CC615009780C3;
					};
				};
			};
			buildConfigurationList = 53EDADA72B8CC615009780C3 /* Build configuration list for PBXProject "SwiftUIDemo" */;
			compatibilityVersion = "Xcode 14.0";
			developmentRegion = en;
			hasScannedForEncodings = 0;
			knownRegions = (
				en,
				Base,
			);
			mainGroup = 53EDADA32B8CC615009780C3;
			productRefGroup = 53EDADAD2B8CC615009780C3 /* Products */;
			projectDirPath = "";
			projectRoot = "";
			targets = (
				53EDADAB2B8CC615009780C3 /* SwiftUIDemo */,
				53EDADBB2B8CC617009780C3 /* SwiftUIDemoTests */,
				53EDADC52B8CC617009780C3 /* SwiftUIDemoUITests */,
			);
		};
/* End PBXProject section */

/* Begin PBXResourcesBuildPhase section */
		53EDADAA2B8CC615009780C3 /* Resources */ = {
			isa = PBXResourcesBuildPhase;
			buildActionMask = 2147483647;
			files = (
				53EDADB72B8CC617009780C3 /* Preview Assets.xcassets in Resources */,
				53EDADB42B8CC617009780C3 /* Assets.xcassets in Resources */,
			);
			runOnlyForDeploymentPostprocessing = 0;
		};
		53EDADBA2B8CC617009780C3 /* Resources */ = {
			isa = PBXResourcesBuildPhase;
			buildActionMask = 2147483647;
			files = (
			);
			runOnlyForDeploymentPostprocessing = 0;
		};
		53EDADC42B8CC617009780C3 /* Resources */ = {
			isa = PBXResourcesBuildPhase;
			buildActionMask = 2147483647;
			files = (
			);
			runOnlyForDeploymentPostprocessing = 0;
		};
/* End PBXResourcesBuildPhase section */

/* Begin PBXSourcesBuildPhase section */
		53EDADA82B8CC615009780C3 /* Sources */ = {
			isa = PBXSourcesBuildPhase;
			buildActionMask = 2147483647;
			files = (
				53EDADDC2B8CD30C009780C3 /* ShapesDemo.swift in Sources */,
				53EDADB22B8CC615009780C3 /* ContentView.swift in Sources */,
				5319FD822B960F0C0033D8BA /* ImageDemo.swift in Sources */,
				53EDADDA2B8CC8DB009780C3 /* TextDemo.swift in Sources */,
				53EDADDE2B8CE579009780C3 /* GradientDemo.swift in Sources */,
				53EDADB02B8CC615009780C3 /* SwiftUIDemoApp.swift in Sources */,
			);
			runOnlyForDeploymentPostprocessing = 0;
		};
		53EDADB82B8CC617009780C3 /* Sources */ = {
			isa = PBXSourcesBuildPhase;
			buildActionMask = 2147483647;
			files = (
				53EDADC12B8CC617009780C3 /* SwiftUIDemoTests.swift in Sources */,
			);
			runOnlyForDeploymentPostprocessing = 0;
		};
		53EDADC22B8CC617009780C3 /* Sources */ = {
			isa = PBXSourcesBuildPhase;
			buildActionMask = 2147483647;
			files = (
				53EDADCB2B8CC617009780C3 /* SwiftUIDemoUITests.swift in Sources */,
				53EDADCD2B8CC617009780C3 /* SwiftUIDemoUITestsLaunchTests.swift in Sources */,
			);
			runOnlyForDeploymentPostprocessing = 0;
		};
/* End PBXSourcesBuildPhase section */

/* Begin PBXTargetDependency section */
		53EDADBE2B8CC617009780C3 /* PBXTargetDependency */ = {
			isa = PBXTargetDependency;
			target = 53EDADAB2B8CC615009780C3 /* SwiftUIDemo */;
			targetProxy = 53EDADBD2B8CC617009780C3 /* PBXContainerItemProxy */;
		};
		53EDADC82B8CC617009780C3 /* PBXTargetDependency */ = {
			isa = PBXTargetDependency;
			target = 53EDADAB2B8CC615009780C3 /* SwiftUIDemo */;
			targetProxy = 53EDADC72B8CC617009780C3 /* PBXContainerItemProxy */;
		};
/* End PBXTargetDependency section */

/* Begin XCBuildConfiguration section */
		53EDADCE2B8CC617009780C3 /* Debug */ = {
			isa = XCBuildConfiguration;
			buildSettings = {
				ALWAYS_SEARCH_USER_PATHS = NO;
				ASSETCATALOG_COMPILER_GENERATE_SWIFT_ASSET_SYMBOL_EXTENSIONS = YES;
				CLANG_ANALYZER_NONNULL = YES;
				CLANG_ANALYZER_NUMBER_OBJECT_CONVERSION = YES_AGGRESSIVE;
				CLANG_CXX_LANGUAGE_STANDARD = "gnu++20";
				CLANG_ENABLE_MODULES = YES;
				CLANG_ENABLE_OBJC_ARC = YES;
				CLANG_ENABLE_OBJC_WEAK = YES;
				CLANG_WARN_BLOCK_CAPTURE_AUTORELEASING = YES;
				CLANG_WARN_BOOL_CONVERSION = YES;
				CLANG_WARN_COMMA = YES;
				CLANG_WARN_CONSTANT_CONVERSION = YES;
				CLANG_WARN_DEPRECATED_OBJC_IMPLEMENTATIONS = YES;
				CLANG_WARN_DIRECT_OBJC_ISA_USAGE = YES_ERROR;
				CLANG_WARN_DOCUMENTATION_COMMENTS = YES;
				CLANG_WARN_EMPTY_BODY = YES;
				CLANG_WARN_ENUM_CONVERSION = YES;
				CLANG_WARN_INFINITE_RECURSION = YES;
				CLANG_WARN_INT_CONVERSION = YES;
				CLANG_WARN_NON_LITERAL_NULL_CONVERSION = YES;
				CLANG_WARN_OBJC_IMPLICIT_RETAIN_SELF = YES;
				CLANG_WARN_OBJC_LITERAL_CONVERSION = YES;
				CLANG_WARN_OBJC_ROOT_CLASS = YES_ERROR;
				CLANG_WARN_QUOTED_INCLUDE_IN_FRAMEWORK_HEADER = YES;
				CLANG_WARN_RANGE_LOOP_ANALYSIS = YES;
				CLANG_WARN_STRICT_PROTOTYPES = YES;
				CLANG_WARN_SUSPICIOUS_MOVE = YES;
				CLANG_WARN_UNGUARDED_AVAILABILITY = YES_AGGRESSIVE;
				CLANG_WARN_UNREACHABLE_CODE = YES;
				CLANG_WARN__DUPLICATE_METHOD_MATCH = YES;
				COPY_PHASE_STRIP = NO;
				DEBUG_INFORMATION_FORMAT = dwarf;
				ENABLE_STRICT_OBJC_MSGSEND = YES;
				ENABLE_TESTABILITY = YES;
				ENABLE_USER_SCRIPT_SANDBOXING = YES;
				GCC_C_LANGUAGE_STANDARD = gnu17;
				GCC_DYNAMIC_NO_PIC = NO;
				GCC_NO_COMMON_BLOCKS = YES;
				GCC_OPTIMIZATION_LEVEL = 0;
				GCC_PREPROCESSOR_DEFINITIONS = (
					"DEBUG=1",
					"$(inherited)",
				);
				GCC_WARN_64_TO_32_BIT_CONVERSION = YES;
				GCC_WARN_ABOUT_RETURN_TYPE = YES_ERROR;
				GCC_WARN_UNDECLARED_SELECTOR = YES;
				GCC_WARN_UNINITIALIZED_AUTOS = YES_AGGRESSIVE;
				GCC_WARN_UNUSED_FUNCTION = YES;
				GCC_WARN_UNUSED_VARIABLE = YES;
				IPHONEOS_DEPLOYMENT_TARGET = 17.0;
				LOCALIZATION_PREFERS_STRING_CATALOGS = YES;
				MTL_ENABLE_DEBUG_INFO = INCLUDE_SOURCE;
				MTL_FAST_MATH = YES;
				ONLY_ACTIVE_ARCH = YES;
				SDKROOT = iphoneos;
				SWIFT_ACTIVE_COMPILATION_CONDITIONS = "DEBUG $(inherited)";
				SWIFT_OPTIMIZATION_LEVEL = "-Onone";
			};
			name = Debug;
		};
		53EDADCF2B8CC617009780C3 /* Release */ = {
			isa = XCBuildConfiguration;
			buildSettings = {
				ALWAYS_SEARCH_USER_PATHS = NO;
				ASSETCATALOG_COMPILER_GENERATE_SWIFT_ASSET_SYMBOL_EXTENSIONS = YES;
				CLANG_ANALYZER_NONNULL = YES;
				CLANG_ANALYZER_NUMBER_OBJECT_CONVERSION = YES_AGGRESSIVE;
				CLANG_CXX_LANGUAGE_STANDARD = "gnu++20";
				CLANG_ENABLE_MODULES = YES;
				CLANG_ENABLE_OBJC_ARC = YES;
				CLANG_ENABLE_OBJC_WEAK = YES;
				CLANG_WARN_BLOCK_CAPTURE_AUTORELEASING = YES;
				CLANG_WARN_BOOL_CONVERSION = YES;
				CLANG_WARN_COMMA = YES;
				CLANG_WARN_CONSTANT_CONVERSION = YES;
				CLANG_WARN_DEPRECATED_OBJC_IMPLEMENTATIONS = YES;
				CLANG_WARN_DIRECT_OBJC_ISA_USAGE = YES_ERROR;
				CLANG_WARN_DOCUMENTATION_COMMENTS = YES;
				CLANG_WARN_EMPTY_BODY = YES;
				CLANG_WARN_ENUM_CONVERSION = YES;
				CLANG_WARN_INFINITE_RECURSION = YES;
				CLANG_WARN_INT_CONVERSION = YES;
				CLANG_WARN_NON_LITERAL_NULL_CONVERSION = YES;
				CLANG_WARN_OBJC_IMPLICIT_RETAIN_SELF = YES;
				CLANG_WARN_OBJC_LITERAL_CONVERSION = YES;
				CLANG_WARN_OBJC_ROOT_CLASS = YES_ERROR;
				CLANG_WARN_QUOTED_INCLUDE_IN_FRAMEWORK_HEADER = YES;
				CLANG_WARN_RANGE_LOOP_ANALYSIS = YES;
				CLANG_WARN_STRICT_PROTOTYPES = YES;
				CLANG_WARN_SUSPICIOUS_MOVE = YES;
				CLANG_WARN_UNGUARDED_AVAILABILITY = YES_AGGRESSIVE;
				CLANG_WARN_UNREACHABLE_CODE = YES;
				CLANG_WARN__DUPLICATE_METHOD_MATCH = YES;
				COPY_PHASE_STRIP = NO;
				DEBUG_INFORMATION_FORMAT = "dwarf-with-dsym";
				ENABLE_NS_ASSERTIONS = NO;
				ENABLE_STRICT_OBJC_MSGSEND = YES;
				ENABLE_USER_SCRIPT_SANDBOXING = YES;
				GCC_C_LANGUAGE_STANDARD = gnu17;
				GCC_NO_COMMON_BLOCKS = YES;
				GCC_WARN_64_TO_32_BIT_CONVERSION = YES;
				GCC_WARN_ABOUT_RETURN_TYPE = YES_ERROR;
				GCC_WARN_UNDECLARED_SELECTOR = YES;
				GCC_WARN_UNINITIALIZED_AUTOS = YES_AGGRESSIVE;
				GCC_WARN_UNUSED_FUNCTION = YES;
				GCC_WARN_UNUSED_VARIABLE = YES;
				IPHONEOS_DEPLOYMENT_TARGET = 17.0;
				LOCALIZATION_PREFERS_STRING_CATALOGS = YES;
				MTL_ENABLE_DEBUG_INFO = NO;
				MTL_FAST_MATH = YES;
				SDKROOT = iphoneos;
				SWIFT_COMPILATION_MODE = wholemodule;
				VALIDATE_PRODUCT = YES;
			};
			name = Release;
		};
		53EDADD12B8CC617009780C3 /* Debug */ = {
			isa = XCBuildConfiguration;
			buildSettings = {
				ASSETCATALOG_COMPILER_APPICON_NAME = AppIcon;
				ASSETCATALOG_COMPILER_GLOBAL_ACCENT_COLOR_NAME = AccentColor;
				CODE_SIGN_STYLE = Automatic;
				CURRENT_PROJECT_VERSION = 1;
				DEVELOPMENT_ASSET_PATHS = "\"SwiftUIDemo/Preview Content\"";
				DEVELOPMENT_TEAM = MUVUP9LMMM;
				ENABLE_PREVIEWS = YES;
				GENERATE_INFOPLIST_FILE = YES;
				INFOPLIST_KEY_UIApplicationSceneManifest_Generation = YES;
				INFOPLIST_KEY_UIApplicationSupportsIndirectInputEvents = YES;
				INFOPLIST_KEY_UILaunchScreen_Generation = YES;
				INFOPLIST_KEY_UISupportedInterfaceOrientations_iPad = "UIInterfaceOrientationPortrait UIInterfaceOrientationPortraitUpsideDown UIInterfaceOrientationLandscapeLeft UIInterfaceOrientationLandscapeRight";
				INFOPLIST_KEY_UISupportedInterfaceOrientations_iPhone = "UIInterfaceOrientationPortrait UIInterfaceOrientationLandscapeLeft UIInterfaceOrientationLandscapeRight";
				LD_RUNPATH_SEARCH_PATHS = (
					"$(inherited)",
					"@executable_path/Frameworks",
				);
				MARKETING_VERSION = 1.0;
				PRODUCT_BUNDLE_IDENTIFIER = canh.td.customized.inner.SwiftUIDemo;
				PRODUCT_NAME = "$(TARGET_NAME)";
				SWIFT_EMIT_LOC_STRINGS = YES;
				SWIFT_VERSION = 5.0;
				TARGETED_DEVICE_FAMILY = "1,2";
			};
			name = Debug;
		};
		53EDADD22B8CC617009780C3 /* Release */ = {
			isa = XCBuildConfiguration;
			buildSettings = {
				ASSETCATALOG_COMPILER_APPICON_NAME = AppIcon;
				ASSETCATALOG_COMPILER_GLOBAL_ACCENT_COLOR_NAME = AccentColor;
				CODE_SIGN_STYLE = Automatic;
				CURRENT_PROJECT_VERSION = 1;
				DEVELOPMENT_ASSET_PATHS = "\"SwiftUIDemo/Preview Content\"";
				DEVELOPMENT_TEAM = MUVUP9LMMM;
				ENABLE_PREVIEWS = YES;
				GENERATE_INFOPLIST_FILE = YES;
				INFOPLIST_KEY_UIApplicationSceneManifest_Generation = YES;
				INFOPLIST_KEY_UIApplicationSupportsIndirectInputEvents = YES;
				INFOPLIST_KEY_UILaunchScreen_Generation = YES;
				INFOPLIST_KEY_UISupportedInterfaceOrientations_iPad = "UIInterfaceOrientationPortrait UIInterfaceOrientationPortraitUpsideDown UIInterfaceOrientationLandscapeLeft UIInterfaceOrientationLandscapeRight";
				INFOPLIST_KEY_UISupportedInterfaceOrientations_iPhone = "UIInterfaceOrientationPortrait UIInterfaceOrientationLandscapeLeft UIInterfaceOrientationLandscapeRight";
				LD_RUNPATH_SEARCH_PATHS = (
					"$(inherited)",
					"@executable_path/Frameworks",
				);
				MARKETING_VERSION = 1.0;
				PRODUCT_BUNDLE_IDENTIFIER = canh.td.customized.inner.SwiftUIDemo;
				PRODUCT_NAME = "$(TARGET_NAME)";
				SWIFT_EMIT_LOC_STRINGS = YES;
				SWIFT_VERSION = 5.0;
				TARGETED_DEVICE_FAMILY = "1,2";
			};
			name = Release;
		};
		53EDADD42B8CC617009780C3 /* Debug */ = {
			isa = XCBuildConfiguration;
			buildSettings = {
				ALWAYS_EMBED_SWIFT_STANDARD_LIBRARIES = YES;
				BUNDLE_LOADER = "$(TEST_HOST)";
				CODE_SIGN_STYLE = Automatic;
				CURRENT_PROJECT_VERSION = 1;
				DEVELOPMENT_TEAM = MUVUP9LMMM;
				GENERATE_INFOPLIST_FILE = YES;
				IPHONEOS_DEPLOYMENT_TARGET = 17.0;
				MARKETING_VERSION = 1.0;
				PRODUCT_BUNDLE_IDENTIFIER = canh.td.customized.inner.SwiftUIDemoTests;
				PRODUCT_NAME = "$(TARGET_NAME)";
				SWIFT_EMIT_LOC_STRINGS = NO;
				SWIFT_VERSION = 5.0;
				TARGETED_DEVICE_FAMILY = "1,2";
				TEST_HOST = "$(BUILT_PRODUCTS_DIR)/SwiftUIDemo.app/$(BUNDLE_EXECUTABLE_FOLDER_PATH)/SwiftUIDemo";
			};
			name = Debug;
		};
		53EDADD52B8CC617009780C3 /* Release */ = {
			isa = XCBuildConfiguration;
			buildSettings = {
				ALWAYS_EMBED_SWIFT_STANDARD_LIBRARIES = YES;
				BUNDLE_LOADER = "$(TEST_HOST)";
				CODE_SIGN_STYLE = Automatic;
				CURRENT_PROJECT_VERSION = 1;
				DEVELOPMENT_TEAM = MUVUP9LMMM;
				GENERATE_INFOPLIST_FILE = YES;
				IPHONEOS_DEPLOYMENT_TARGET = 17.0;
				MARKETING_VERSION = 1.0;
				PRODUCT_BUNDLE_IDENTIFIER = canh.td.customized.inner.SwiftUIDemoTests;
				PRODUCT_NAME = "$(TARGET_NAME)";
				SWIFT_EMIT_LOC_STRINGS = NO;
				SWIFT_VERSION = 5.0;
				TARGETED_DEVICE_FAMILY = "1,2";
				TEST_HOST = "$(BUILT_PRODUCTS_DIR)/SwiftUIDemo.app/$(BUNDLE_EXECUTABLE_FOLDER_PATH)/SwiftUIDemo";
			};
			name = Release;
		};
		53EDADD72B8CC617009780C3 /* Debug */ = {
			isa = XCBuildConfiguration;
			buildSettings = {
				ALWAYS_EMBED_SWIFT_STANDARD_LIBRARIES = YES;
				CODE_SIGN_STYLE = Automatic;
				CURRENT_PROJECT_VERSION = 1;
				DEVELOPMENT_TEAM = MUVUP9LMMM;
				GENERATE_INFOPLIST_FILE = YES;
				MARKETING_VERSION = 1.0;
				PRODUCT_BUNDLE_IDENTIFIER = canh.td.customized.inner.SwiftUIDemoUITests;
				PRODUCT_NAME = "$(TARGET_NAME)";
				SWIFT_EMIT_LOC_STRINGS = NO;
				SWIFT_VERSION = 5.0;
				TARGETED_DEVICE_FAMILY = "1,2";
				TEST_TARGET_NAME = SwiftUIDemo;
			};
			name = Debug;
		};
		53EDADD82B8CC617009780C3 /* Release */ = {
			isa = XCBuildConfiguration;
			buildSettings = {
				ALWAYS_EMBED_SWIFT_STANDARD_LIBRARIES = YES;
				CODE_SIGN_STYLE = Automatic;
				CURRENT_PROJECT_VERSION = 1;
				DEVELOPMENT_TEAM = MUVUP9LMMM;
				GENERATE_INFOPLIST_FILE = YES;
				MARKETING_VERSION = 1.0;
				PRODUCT_BUNDLE_IDENTIFIER = canh.td.customized.inner.SwiftUIDemoUITests;
				PRODUCT_NAME = "$(TARGET_NAME)";
				SWIFT_EMIT_LOC_STRINGS = NO;
				SWIFT_VERSION = 5.0;
				TARGETED_DEVICE_FAMILY = "1,2";
				TEST_TARGET_NAME = SwiftUIDemo;
			};
			name = Release;
		};
/* End XCBuildConfiguration section */

/* Begin XCConfigurationList section */
		53EDADA72B8CC615009780C3 /* Build configuration list for PBXProject "SwiftUIDemo" */ = {
			isa = XCConfigurationList;
			buildConfigurations = (
				53EDADCE2B8CC617009780C3 /* Debug */,
				53EDADCF2B8CC617009780C3 /* Release */,
			);
			defaultConfigurationIsVisible = 0;
			defaultConfigurationName = Release;
		};
		53EDADD02B8CC617009780C3 /* Build configuration list for PBXNativeTarget "SwiftUIDemo" */ = {
			isa = XCConfigurationList;
			buildConfigurations = (
				53EDADD12B8CC617009780C3 /* Debug */,
				53EDADD22B8CC617009780C3 /* Release */,
			);
			defaultConfigurationIsVisible = 0;
			defaultConfigurationName = Release;
		};
		53EDADD32B8CC617009780C3 /* Build configuration list for PBXNativeTarget "SwiftUIDemoTests" */ = {
			isa = XCConfigurationList;
			buildConfigurations = (
				53EDADD42B8CC617009780C3 /* Debug */,
				53EDADD52B8CC617009780C3 /* Release */,
			);
			defaultConfigurationIsVisible = 0;
			defaultConfigurationName = Release;
		};
		53EDADD62B8CC617009780C3 /* Build configuration list for PBXNativeTarget "SwiftUIDemoUITests" */ = {
			isa = XCConfigurationList;
			buildConfigurations = (
				53EDADD72B8CC617009780C3 /* Debug */,
				53EDADD82B8CC617009780C3 /* Release */,
			);
			defaultConfigurationIsVisible = 0;
			defaultConfigurationName = Release;
		};
/* End XCConfigurationList section */
	};
	rootObject = 53EDADA42B8CC615009780C3 /* Project object */;
}
